{
  "name": "09-shopping-cart",
  "version": "1.0.0",
  "lockfileVersion": 1,
  "requires": true,
  "dependencies": {
    "glider-js": {
      "version": "1.7.3",
      "resolved": "https://registry.npmjs.org/glider-js/-/glider-js-1.7.3.tgz",
      "integrity": "sha512-smiepWalDyBAUtOH6Ev06fHlcQ128OUzGLx97E/9NcR8/fR+uALUVSMytVN6z5pIqO4kDGTzINniqZV2yMf8bg=="
    }
  }
}
